
Microsoft Visual Studio Solution File, Format Version 12.00
# Visual Studio Version 16
VisualStudioVersion = 16.0.30907.101
MinimumVisualStudioVersion = 10.0.40219.1
Project("{9A19103F-16F7-4668-BE54-9A1E7A4F7556}") = "OOP2", "OOP2\OOP2.csproj", "{6C1E4977-6990-4B50-A18B-ED1D2F3D3FFC}"
EndProject
Project("{9A19103F-16F7-4668-BE54-9A1E7A4F7556}") = "OOP3", "OOP3\OOP3.csproj", "{32236C7B-F56C-452C-A4CA-315AA8555C6F}"
EndProject
Project("{FAE04EC0-301F-11D3-BF4B-00C04F79EFBC}") = "RecapDemo", "RecapDemo\RecapDemo.csproj", "{961F020D-79BB-4A3B-BA7D-CED2A9B01C49}"
EndProject
Global
	GlobalSection(SolutionConfigurationPlatforms) = preSolution
		Debug|Any CPU = Debug|Any CPU
		Release|Any CPU = Release|Any CPU
	EndGlobalSection
	GlobalSection(ProjectConfigurationPlatforms) = postSolution
		{6C1E4977-6990-4B50-A18B-ED1D2F3D3FFC}.Debug|Any CPU.ActiveCfg = Debug|Any CPU
		{6C1E4977-6990-4B50-A18B-ED1D2F3D3FFC}.Debug|Any CPU.Build.0 = Debug|Any CPU
		{6C1E4977-6990-4B50-A18B-ED1D2F3D3FFC}.Release|Any CPU.ActiveCfg = Release|Any CPU
		{6C1E4977-6990-4B50-A18B-ED1D2F3D3FFC}.Release|Any CPU.Build.0 = Release|Any CPU
		{32236C7B-F56C-452C-A4CA-315AA8555C6F}.Debug|Any CPU.ActiveCfg = Debug|Any CPU
		{32236C7B-F56C-452C-A4CA-315AA8555C6F}.Debug|Any CPU.Build.0 = Debug|Any CPU
		{32236C7B-F56C-452C-A4CA-315AA8555C6F}.Release|Any CPU.ActiveCfg = Release|Any CPU
		{32236C7B-F56C-452C-A4CA-315AA8555C6F}.Release|Any CPU.Build.0 = Release|Any CPU
		{961F020D-79BB-4A3B-BA7D-CED2A9B01C49}.Debug|Any CPU.ActiveCfg = Debug|Any CPU
		{961F020D-79BB-4A3B-BA7D-CED2A9B01C49}.Debug|Any CPU.Build.0 = Debug|Any CPU
		{961F020D-79BB-4A3B-BA7D-CED2A9B01C49}.Release|Any CPU.ActiveCfg = Release|Any CPU
		{961F020D-79BB-4A3B-BA7D-CED2A9B01C49}.Release|Any CPU.Build.0 = Release|Any CPU
	EndGlobalSection
	GlobalSection(SolutionProperties) = preSolution
		HideSolutionNode = FALSE
	EndGlobalSection
	GlobalSection(ExtensibilityGlobals) = postSolution
		SolutionGuid = {CAEB389D-BC9D-4885-8C02-B3E985C500B1}
	EndGlobalSection
EndGlobal
